
Microsoft Visual Studio Solution File, Format Version 12.00
# Visual Studio Version 17
VisualStudioVersion = 17.0.32112.339
MinimumVisualStudioVersion = 10.0.40219.1
Project("{9A19103F-16F7-4668-BE54-9A1E7A4F7556}") = "RecyclingApp.Domain", "RecyclingApp.Domain\RecyclingApp.Domain.csproj", "{08E3F001-498A-4705-9E40-D36072D49F6D}"
EndProject
Project("{9A19103F-16F7-4668-BE54-9A1E7A4F7556}") = "RecyclingApp.Application", "RecyclingApp.Application\RecyclingApp.Application.csproj", "{3D2C27DA-6240-4A79-8E44-0F8D33DCBE95}"
EndProject
Project("{9A19103F-16F7-4668-BE54-9A1E7A4F7556}") = "RecyclingApp.Infrastructure", "RecyclingApp.Infrastructure\RecyclingApp.Infrastructure.csproj", "{1D9AE6CB-BDFA-4869-BA61-97E0748E78A2}"
EndProject
Project("{9A19103F-16F7-4668-BE54-9A1E7A4F7556}") = "RecyclingApp.WebAPI", "RecyclingApp.WebAPI\RecyclingApp.WebAPI.csproj", "{2C0F74AF-6A1B-431B-BA52-D59792FA36E9}"
EndProject
Project("{9A19103F-16F7-4668-BE54-9A1E7A4F7556}") = "RecyclingApp.Tests", "RecyclingApp.Tests\RecyclingApp.Tests.csproj", "{9E335F78-60DD-44BF-BEBD-8CF917515A1B}"
EndProject
Global
	GlobalSection(SolutionConfigurationPlatforms) = preSolution
		Debug|Any CPU = Debug|Any CPU
		Release|Any CPU = Release|Any CPU
	EndGlobalSection
	GlobalSection(ProjectConfigurationPlatforms) = postSolution
		{08E3F001-498A-4705-9E40-D36072D49F6D}.Debug|Any CPU.ActiveCfg = Debug|Any CPU
		{08E3F001-498A-4705-9E40-D36072D49F6D}.Debug|Any CPU.Build.0 = Debug|Any CPU
		{08E3F001-498A-4705-9E40-D36072D49F6D}.Release|Any CPU.ActiveCfg = Release|Any CPU
		{08E3F001-498A-4705-9E40-D36072D49F6D}.Release|Any CPU.Build.0 = Release|Any CPU
		{3D2C27DA-6240-4A79-8E44-0F8D33DCBE95}.Debug|Any CPU.ActiveCfg = Debug|Any CPU
		{3D2C27DA-6240-4A79-8E44-0F8D33DCBE95}.Debug|Any CPU.Build.0 = Debug|Any CPU
		{3D2C27DA-6240-4A79-8E44-0F8D33DCBE95}.Release|Any CPU.ActiveCfg = Release|Any CPU
		{3D2C27DA-6240-4A79-8E44-0F8D33DCBE95}.Release|Any CPU.Build.0 = Release|Any CPU
		{1D9AE6CB-BDFA-4869-BA61-97E0748E78A2}.Debug|Any CPU.ActiveCfg = Debug|Any CPU
		{1D9AE6CB-BDFA-4869-BA61-97E0748E78A2}.Debug|Any CPU.Build.0 = Debug|Any CPU
		{1D9AE6CB-BDFA-4869-BA61-97E0748E78A2}.Release|Any CPU.ActiveCfg = Release|Any CPU
		{1D9AE6CB-BDFA-4869-BA61-97E0748E78A2}.Release|Any CPU.Build.0 = Release|Any CPU
		{2C0F74AF-6A1B-431B-BA52-D59792FA36E9}.Debug|Any CPU.ActiveCfg = Debug|Any CPU
		{2C0F74AF-6A1B-431B-BA52-D59792FA36E9}.Debug|Any CPU.Build.0 = Debug|Any CPU
		{2C0F74AF-6A1B-431B-BA52-D59792FA36E9}.Release|Any CPU.ActiveCfg = Release|Any CPU
		{2C0F74AF-6A1B-431B-BA52-D59792FA36E9}.Release|Any CPU.Build.0 = Release|Any CPU
		{9E335F78-60DD-44BF-BEBD-8CF917515A1B}.Debug|Any CPU.ActiveCfg = Debug|Any CPU
		{9E335F78-60DD-44BF-BEBD-8CF917515A1B}.Debug|Any CPU.Build.0 = Debug|Any CPU
		{9E335F78-60DD-44BF-BEBD-8CF917515A1B}.Release|Any CPU.ActiveCfg = Release|Any CPU
		{9E335F78-60DD-44BF-BEBD-8CF917515A1B}.Release|Any CPU.Build.0 = Release|Any CPU
	EndGlobalSection
	GlobalSection(SolutionProperties) = preSolution
		HideSolutionNode = FALSE
	EndGlobalSection
	GlobalSection(ExtensibilityGlobals) = postSolution
		SolutionGuid = {B5CBE827-171B-42FC-9586-8530C4133394}
	EndGlobalSection
EndGlobal
